version: 1

source:
  repository: https://github.com/DanilFaritovich/codex-development-standards
  ref: afc45ecd1c8b2ea33c2c3839b6291ad059b802c6

profile:
  name: fastapi-vue-clean
  version: 5

skills:
  - task-development-workflow
  - standards-sync
  - backend-clean-architecture
  - python-testing
  - code-quality
  - fastapi
  - api-guardrails
  - structured-logging
  - sqlalchemy-alembic
  - vue
  - vue-testing
  - docker
  - github-actions
  - documentation
  - licensing

optional_skills:
  - continuous-delivery
